
Microsoft Visual Studio Solution File, Format Version 12.00
# Visual Studio Version 17
VisualStudioVersion = 17.0.31903.59
MinimumVisualStudioVersion = 10.0.40219.1
Project("{2150E333-8FDC-42A3-9474-1A3956D46DE8}") = "Services", "Services", "{5854FF58-B8C5-05C6-5BF2-ACE42193F22B}"
EndProject
Project("{2150E333-8FDC-42A3-9474-1A3956D46DE8}") = "Identity", "Identity", "{357A7C97-5AE1-023F-1442-0D9F9AF22A31}"
EndProject
Project("{FAE04EC0-301F-11D3-BF4B-00C04F79EFBC}") = "Identity.Api", "Services\Identity\Identity.Api\Identity.Api.csproj", "{665B002F-470F-4817-994C-B95840034D4A}"
EndProject
Project("{54A90642-561A-4BB1-A94E-469ADEE60C69}") = "rasweb", "Web\RASWeb\rasweb.esproj", "{925D4C81-681E-B380-F492-FFA99D8187A1}"
EndProject
Project("{FAE04EC0-301F-11D3-BF4B-00C04F79EFBC}") = "Identity.Application", "Services\Identity\Identity.Application\Identity.Application.csproj", "{B6E8881A-338C-4905-B5B6-5539738CD22E}"
EndProject
Project("{FAE04EC0-301F-11D3-BF4B-00C04F79EFBC}") = "Identity.Infrastructure", "Services\Identity\Identity.Infrastructure\Identity.Infrastructure.csproj", "{3E10E7E5-D5BD-463C-BD0D-4CC890522BC4}"
EndProject
Project("{FAE04EC0-301F-11D3-BF4B-00C04F79EFBC}") = "Identity.Domain", "Services\Identity\Identity.Domain\Identity.Domain.csproj", "{CE13ABA4-7C0C-4B51-A147-546185DA7891}"
EndProject
Project("{FAE04EC0-301F-11D3-BF4B-00C04F79EFBC}") = "Student.Application", "Services\Student\Student.Application\Student.Application.csproj", "{545C25F6-349C-40BD-ACA6-2B41E0D8F5DF}"
EndProject
Project("{FAE04EC0-301F-11D3-BF4B-00C04F79EFBC}") = "Student.Infrastructure", "Services\Student\Student.Infrastructure\Student.Infrastructure.csproj", "{769FB613-2A33-499F-88BF-CDA6693D5EF6}"
EndProject
Project("{FAE04EC0-301F-11D3-BF4B-00C04F79EFBC}") = "Student.Api", "Services\Student\Student.Api\Student.Api.csproj", "{A7804EC5-5693-4510-AB1F-00D544CCE9D1}"
EndProject
Project("{FAE04EC0-301F-11D3-BF4B-00C04F79EFBC}") = "Student.Domain", "Services\Student\Student.Domain\Student.Domain.csproj", "{513FA0ED-D0ED-400A-8B0C-C22349F4732B}"
EndProject
Project("{2150E333-8FDC-42A3-9474-1A3956D46DE8}") = "Gateway", "Gateway", "{96888889-FC81-1FD9-7DA3-65FF32B7E052}"
EndProject
Project("{FAE04EC0-301F-11D3-BF4B-00C04F79EFBC}") = "Gateway.Api", "Services\Gateway\Gateway.Api\Gateway.Api.csproj", "{B05526B7-74F0-474B-9F08-C0CA057C76E0}"
EndProject
Global
	GlobalSection(SolutionConfigurationPlatforms) = preSolution
		Debug|Any CPU = Debug|Any CPU
		Debug|x64 = Debug|x64
		Debug|x86 = Debug|x86
		Release|Any CPU = Release|Any CPU
		Release|x64 = Release|x64
		Release|x86 = Release|x86
	EndGlobalSection
	GlobalSection(ProjectConfigurationPlatforms) = postSolution
		{665B002F-470F-4817-994C-B95840034D4A}.Debug|Any CPU.ActiveCfg = Debug|Any CPU
		{665B002F-470F-4817-994C-B95840034D4A}.Debug|Any CPU.Build.0 = Debug|Any CPU
		{665B002F-470F-4817-994C-B95840034D4A}.Debug|x64.ActiveCfg = Debug|Any CPU
		{665B002F-470F-4817-994C-B95840034D4A}.Debug|x64.Build.0 = Debug|Any CPU
		{665B002F-470F-4817-994C-B95840034D4A}.Debug|x86.ActiveCfg = Debug|Any CPU
		{665B002F-470F-4817-994C-B95840034D4A}.Debug|x86.Build.0 = Debug|Any CPU
		{665B002F-470F-4817-994C-B95840034D4A}.Release|Any CPU.ActiveCfg = Release|Any CPU
		{665B002F-470F-4817-994C-B95840034D4A}.Release|Any CPU.Build.0 = Release|Any CPU
		{665B002F-470F-4817-994C-B95840034D4A}.Release|x64.ActiveCfg = Release|Any CPU
		{665B002F-470F-4817-994C-B95840034D4A}.Release|x64.Build.0 = Release|Any CPU
		{665B002F-470F-4817-994C-B95840034D4A}.Release|x86.ActiveCfg = Release|Any CPU
		{665B002F-470F-4817-994C-B95840034D4A}.Release|x86.Build.0 = Release|Any CPU
		{925D4C81-681E-B380-F492-FFA99D8187A1}.Debug|Any CPU.ActiveCfg = Debug|Any CPU
		{925D4C81-681E-B380-F492-FFA99D8187A1}.Debug|Any CPU.Build.0 = Debug|Any CPU
		{925D4C81-681E-B380-F492-FFA99D8187A1}.Debug|Any CPU.Deploy.0 = Debug|Any CPU
		{925D4C81-681E-B380-F492-FFA99D8187A1}.Debug|x64.ActiveCfg = Debug|Any CPU
		{925D4C81-681E-B380-F492-FFA99D8187A1}.Debug|x64.Build.0 = Debug|Any CPU
		{925D4C81-681E-B380-F492-FFA99D8187A1}.Debug|x64.Deploy.0 = Debug|Any CPU
		{925D4C81-681E-B380-F492-FFA99D8187A1}.Debug|x86.ActiveCfg = Debug|Any CPU
		{925D4C81-681E-B380-F492-FFA99D8187A1}.Debug|x86.Build.0 = Debug|Any CPU
		{925D4C81-681E-B380-F492-FFA99D8187A1}.Debug|x86.Deploy.0 = Debug|Any CPU
		{925D4C81-681E-B380-F492-FFA99D8187A1}.Release|Any CPU.ActiveCfg = Release|Any CPU
		{925D4C81-681E-B380-F492-FFA99D8187A1}.Release|Any CPU.Build.0 = Release|Any CPU
		{925D4C81-681E-B380-F492-FFA99D8187A1}.Release|Any CPU.Deploy.0 = Release|Any CPU
		{925D4C81-681E-B380-F492-FFA99D8187A1}.Release|x64.ActiveCfg = Release|Any CPU
		{925D4C81-681E-B380-F492-FFA99D8187A1}.Release|x64.Build.0 = Release|Any CPU
		{925D4C81-681E-B380-F492-FFA99D8187A1}.Release|x64.Deploy.0 = Release|Any CPU
		{925D4C81-681E-B380-F492-FFA99D8187A1}.Release|x86.ActiveCfg = Release|Any CPU
		{925D4C81-681E-B380-F492-FFA99D8187A1}.Release|x86.Build.0 = Release|Any CPU
		{925D4C81-681E-B380-F492-FFA99D8187A1}.Release|x86.Deploy.0 = Release|Any CPU
		{B6E8881A-338C-4905-B5B6-5539738CD22E}.Debug|Any CPU.ActiveCfg = Debug|Any CPU
		{B6E8881A-338C-4905-B5B6-5539738CD22E}.Debug|Any CPU.Build.0 = Debug|Any CPU
		{B6E8881A-338C-4905-B5B6-5539738CD22E}.Debug|x64.ActiveCfg = Debug|Any CPU
		{B6E8881A-338C-4905-B5B6-5539738CD22E}.Debug|x64.Build.0 = Debug|Any CPU
		{B6E8881A-338C-4905-B5B6-5539738CD22E}.Debug|x86.ActiveCfg = Debug|Any CPU
		{B6E8881A-338C-4905-B5B6-5539738CD22E}.Debug|x86.Build.0 = Debug|Any CPU
		{B6E8881A-338C-4905-B5B6-5539738CD22E}.Release|Any CPU.ActiveCfg = Release|Any CPU
		{B6E8881A-338C-4905-B5B6-5539738CD22E}.Release|Any CPU.Build.0 = Release|Any CPU
		{B6E8881A-338C-4905-B5B6-5539738CD22E}.Release|x64.ActiveCfg = Release|Any CPU
		{B6E8881A-338C-4905-B5B6-5539738CD22E}.Release|x64.Build.0 = Release|Any CPU
		{B6E8881A-338C-4905-B5B6-5539738CD22E}.Release|x86.ActiveCfg = Release|Any CPU
		{B6E8881A-338C-4905-B5B6-5539738CD22E}.Release|x86.Build.0 = Release|Any CPU
		{3E10E7E5-D5BD-463C-BD0D-4CC890522BC4}.Debug|Any CPU.ActiveCfg = Debug|Any CPU
		{3E10E7E5-D5BD-463C-BD0D-4CC890522BC4}.Debug|Any CPU.Build.0 = Debug|Any CPU
		{3E10E7E5-D5BD-463C-BD0D-4CC890522BC4}.Debug|x64.ActiveCfg = Debug|Any CPU
		{3E10E7E5-D5BD-463C-BD0D-4CC890522BC4}.Debug|x64.Build.0 = Debug|Any CPU
		{3E10E7E5-D5BD-463C-BD0D-4CC890522BC4}.Debug|x86.ActiveCfg = Debug|Any CPU
		{3E10E7E5-D5BD-463C-BD0D-4CC890522BC4}.Debug|x86.Build.0 = Debug|Any CPU
		{3E10E7E5-D5BD-463C-BD0D-4CC890522BC4}.Release|Any CPU.ActiveCfg = Release|Any CPU
		{3E10E7E5-D5BD-463C-BD0D-4CC890522BC4}.Release|Any CPU.Build.0 = Release|Any CPU
		{3E10E7E5-D5BD-463C-BD0D-4CC890522BC4}.Release|x64.ActiveCfg = Release|Any CPU
		{3E10E7E5-D5BD-463C-BD0D-4CC890522BC4}.Release|x64.Build.0 = Release|Any CPU
		{3E10E7E5-D5BD-463C-BD0D-4CC890522BC4}.Release|x86.ActiveCfg = Release|Any CPU
		{3E10E7E5-D5BD-463C-BD0D-4CC890522BC4}.Release|x86.Build.0 = Release|Any CPU
		{CE13ABA4-7C0C-4B51-A147-546185DA7891}.Debug|Any CPU.ActiveCfg = Debug|Any CPU
		{CE13ABA4-7C0C-4B51-A147-546185DA7891}.Debug|Any CPU.Build.0 = Debug|Any CPU
		{CE13ABA4-7C0C-4B51-A147-546185DA7891}.Debug|x64.ActiveCfg = Debug|Any CPU
		{CE13ABA4-7C0C-4B51-A147-546185DA7891}.Debug|x64.Build.0 = Debug|Any CPU
		{CE13ABA4-7C0C-4B51-A147-546185DA7891}.Debug|x86.ActiveCfg = Debug|Any CPU
		{CE13ABA4-7C0C-4B51-A147-546185DA7891}.Debug|x86.Build.0 = Debug|Any CPU
		{CE13ABA4-7C0C-4B51-A147-546185DA7891}.Release|Any CPU.ActiveCfg = Release|Any CPU
		{CE13ABA4-7C0C-4B51-A147-546185DA7891}.Release|Any CPU.Build.0 = Release|Any CPU
		{CE13ABA4-7C0C-4B51-A147-546185DA7891}.Release|x64.ActiveCfg = Release|Any CPU
		{CE13ABA4-7C0C-4B51-A147-546185DA7891}.Release|x64.Build.0 = Release|Any CPU
		{CE13ABA4-7C0C-4B51-A147-546185DA7891}.Release|x86.ActiveCfg = Release|Any CPU
		{CE13ABA4-7C0C-4B51-A147-546185DA7891}.Release|x86.Build.0 = Release|Any CPU
		{545C25F6-349C-40BD-ACA6-2B41E0D8F5DF}.Debug|Any CPU.ActiveCfg = Debug|Any CPU
		{545C25F6-349C-40BD-ACA6-2B41E0D8F5DF}.Debug|Any CPU.Build.0 = Debug|Any CPU
		{545C25F6-349C-40BD-ACA6-2B41E0D8F5DF}.Debug|x64.ActiveCfg = Debug|Any CPU
		{545C25F6-349C-40BD-ACA6-2B41E0D8F5DF}.Debug|x64.Build.0 = Debug|Any CPU
		{545C25F6-349C-40BD-ACA6-2B41E0D8F5DF}.Debug|x86.ActiveCfg = Debug|Any CPU
		{545C25F6-349C-40BD-ACA6-2B41E0D8F5DF}.Debug|x86.Build.0 = Debug|Any CPU
		{545C25F6-349C-40BD-ACA6-2B41E0D8F5DF}.Release|Any CPU.ActiveCfg = Release|Any CPU
		{545C25F6-349C-40BD-ACA6-2B41E0D8F5DF}.Release|Any CPU.Build.0 = Release|Any CPU
		{545C25F6-349C-40BD-ACA6-2B41E0D8F5DF}.Release|x64.ActiveCfg = Release|Any CPU
		{545C25F6-349C-40BD-ACA6-2B41E0D8F5DF}.Release|x64.Build.0 = Release|Any CPU
		{545C25F6-349C-40BD-ACA6-2B41E0D8F5DF}.Release|x86.ActiveCfg = Release|Any CPU
		{545C25F6-349C-40BD-ACA6-2B41E0D8F5DF}.Release|x86.Build.0 = Release|Any CPU
		{769FB613-2A33-499F-88BF-CDA6693D5EF6}.Debug|Any CPU.ActiveCfg = Debug|Any CPU
		{769FB613-2A33-499F-88BF-CDA6693D5EF6}.Debug|Any CPU.Build.0 = Debug|Any CPU
		{769FB613-2A33-499F-88BF-CDA6693D5EF6}.Debug|x64.ActiveCfg = Debug|Any CPU
		{769FB613-2A33-499F-88BF-CDA6693D5EF6}.Debug|x64.Build.0 = Debug|Any CPU
		{769FB613-2A33-499F-88BF-CDA6693D5EF6}.Debug|x86.ActiveCfg = Debug|Any CPU
		{769FB613-2A33-499F-88BF-CDA6693D5EF6}.Debug|x86.Build.0 = Debug|Any CPU
		{769FB613-2A33-499F-88BF-CDA6693D5EF6}.Release|Any CPU.ActiveCfg = Release|Any CPU
		{769FB613-2A33-499F-88BF-CDA6693D5EF6}.Release|Any CPU.Build.0 = Release|Any CPU
		{769FB613-2A33-499F-88BF-CDA6693D5EF6}.Release|x64.ActiveCfg = Release|Any CPU
		{769FB613-2A33-499F-88BF-CDA6693D5EF6}.Release|x64.Build.0 = Release|Any CPU
		{769FB613-2A33-499F-88BF-CDA6693D5EF6}.Release|x86.ActiveCfg = Release|Any CPU
		{769FB613-2A33-499F-88BF-CDA6693D5EF6}.Release|x86.Build.0 = Release|Any CPU
		{A7804EC5-5693-4510-AB1F-00D544CCE9D1}.Debug|Any CPU.ActiveCfg = Debug|Any CPU
		{A7804EC5-5693-4510-AB1F-00D544CCE9D1}.Debug|Any CPU.Build.0 = Debug|Any CPU
		{A7804EC5-5693-4510-AB1F-00D544CCE9D1}.Debug|x64.ActiveCfg = Debug|Any CPU
		{A7804EC5-5693-4510-AB1F-00D544CCE9D1}.Debug|x64.Build.0 = Debug|Any CPU
		{A7804EC5-5693-4510-AB1F-00D544CCE9D1}.Debug|x86.ActiveCfg = Debug|Any CPU
		{A7804EC5-5693-4510-AB1F-00D544CCE9D1}.Debug|x86.Build.0 = Debug|Any CPU
		{A7804EC5-5693-4510-AB1F-00D544CCE9D1}.Release|Any CPU.ActiveCfg = Release|Any CPU
		{A7804EC5-5693-4510-AB1F-00D544CCE9D1}.Release|Any CPU.Build.0 = Release|Any CPU
		{A7804EC5-5693-4510-AB1F-00D544CCE9D1}.Release|x64.ActiveCfg = Release|Any CPU
		{A7804EC5-5693-4510-AB1F-00D544CCE9D1}.Release|x64.Build.0 = Release|Any CPU
		{A7804EC5-5693-4510-AB1F-00D544CCE9D1}.Release|x86.ActiveCfg = Release|Any CPU
		{A7804EC5-5693-4510-AB1F-00D544CCE9D1}.Release|x86.Build.0 = Release|Any CPU
		{513FA0ED-D0ED-400A-8B0C-C22349F4732B}.Debug|Any CPU.ActiveCfg = Debug|Any CPU
		{513FA0ED-D0ED-400A-8B0C-C22349F4732B}.Debug|Any CPU.Build.0 = Debug|Any CPU
		{513FA0ED-D0ED-400A-8B0C-C22349F4732B}.Debug|x64.ActiveCfg = Debug|Any CPU
		{513FA0ED-D0ED-400A-8B0C-C22349F4732B}.Debug|x64.Build.0 = Debug|Any CPU
		{513FA0ED-D0ED-400A-8B0C-C22349F4732B}.Debug|x86.ActiveCfg = Debug|Any CPU
		{513FA0ED-D0ED-400A-8B0C-C22349F4732B}.Debug|x86.Build.0 = Debug|Any CPU
		{513FA0ED-D0ED-400A-8B0C-C22349F4732B}.Release|Any CPU.ActiveCfg = Release|Any CPU
		{513FA0ED-D0ED-400A-8B0C-C22349F4732B}.Release|Any CPU.Build.0 = Release|Any CPU
		{513FA0ED-D0ED-400A-8B0C-C22349F4732B}.Release|x64.ActiveCfg = Release|Any CPU
		{513FA0ED-D0ED-400A-8B0C-C22349F4732B}.Release|x64.Build.0 = Release|Any CPU
		{513FA0ED-D0ED-400A-8B0C-C22349F4732B}.Release|x86.ActiveCfg = Release|Any CPU
		{513FA0ED-D0ED-400A-8B0C-C22349F4732B}.Release|x86.Build.0 = Release|Any CPU
		{B05526B7-74F0-474B-9F08-C0CA057C76E0}.Debug|Any CPU.ActiveCfg = Debug|Any CPU
		{B05526B7-74F0-474B-9F08-C0CA057C76E0}.Debug|Any CPU.Build.0 = Debug|Any CPU
		{B05526B7-74F0-474B-9F08-C0CA057C76E0}.Debug|x64.ActiveCfg = Debug|Any CPU
		{B05526B7-74F0-474B-9F08-C0CA057C76E0}.Debug|x64.Build.0 = Debug|Any CPU
		{B05526B7-74F0-474B-9F08-C0CA057C76E0}.Debug|x86.ActiveCfg = Debug|Any CPU
		{B05526B7-74F0-474B-9F08-C0CA057C76E0}.Debug|x86.Build.0 = Debug|Any CPU
		{B05526B7-74F0-474B-9F08-C0CA057C76E0}.Release|Any CPU.ActiveCfg = Release|Any CPU
		{B05526B7-74F0-474B-9F08-C0CA057C76E0}.Release|Any CPU.Build.0 = Release|Any CPU
		{B05526B7-74F0-474B-9F08-C0CA057C76E0}.Release|x64.ActiveCfg = Release|Any CPU
		{B05526B7-74F0-474B-9F08-C0CA057C76E0}.Release|x64.Build.0 = Release|Any CPU
		{B05526B7-74F0-474B-9F08-C0CA057C76E0}.Release|x86.ActiveCfg = Release|Any CPU
		{B05526B7-74F0-474B-9F08-C0CA057C76E0}.Release|x86.Build.0 = Release|Any CPU
	EndGlobalSection
	GlobalSection(SolutionProperties) = preSolution
		HideSolutionNode = FALSE
	EndGlobalSection
	GlobalSection(NestedProjects) = preSolution
		{357A7C97-5AE1-023F-1442-0D9F9AF22A31} = {5854FF58-B8C5-05C6-5BF2-ACE42193F22B}
		{665B002F-470F-4817-994C-B95840034D4A} = {357A7C97-5AE1-023F-1442-0D9F9AF22A31}
		{B6E8881A-338C-4905-B5B6-5539738CD22E} = {357A7C97-5AE1-023F-1442-0D9F9AF22A31}
		{3E10E7E5-D5BD-463C-BD0D-4CC890522BC4} = {357A7C97-5AE1-023F-1442-0D9F9AF22A31}
		{CE13ABA4-7C0C-4B51-A147-546185DA7891} = {357A7C97-5AE1-023F-1442-0D9F9AF22A31}
		{545C25F6-349C-40BD-ACA6-2B41E0D8F5DF} = {5854FF58-B8C5-05C6-5BF2-ACE42193F22B}
		{769FB613-2A33-499F-88BF-CDA6693D5EF6} = {5854FF58-B8C5-05C6-5BF2-ACE42193F22B}
		{A7804EC5-5693-4510-AB1F-00D544CCE9D1} = {5854FF58-B8C5-05C6-5BF2-ACE42193F22B}
		{513FA0ED-D0ED-400A-8B0C-C22349F4732B} = {5854FF58-B8C5-05C6-5BF2-ACE42193F22B}
		{96888889-FC81-1FD9-7DA3-65FF32B7E052} = {5854FF58-B8C5-05C6-5BF2-ACE42193F22B}
		{B05526B7-74F0-474B-9F08-C0CA057C76E0} = {96888889-FC81-1FD9-7DA3-65FF32B7E052}
	EndGlobalSection
	GlobalSection(ExtensibilityGlobals) = postSolution
		SolutionGuid = {ADCAC8A5-13C3-4EF7-B598-4FBDD69FF7A1}
	EndGlobalSection
EndGlobal
